// !$*UTF8*$!
{
	archiveVersion = 1;
	classes = {
	};
	objectVersion = 46;
	objects = {

/* Begin PBXBuildFile section */
		DC2E0B381FB7FFCC005F6A42 /* JokeTableViewController.swift in Sources */ = {isa = PBXBuildFile; fileRef = DC2E0B371FB7FFCC005F6A42 /* JokeTableViewController.swift */; };
		DC2E0B3A1FB802E4005F6A42 /* Joke.swift in Sources */ = {isa = PBXBuildFile; fileRef = DC2E0B391FB802E4005F6A42 /* Joke.swift */; };
		DC2E0B3C1FB8074B005F6A42 /* JokeTableViewControllerCell.swift in Sources */ = {isa = PBXBuildFile; fileRef = DC2E0B3B1FB8074B005F6A42 /* JokeTableViewControllerCell.swift */; };
		DC2E0B3E1FB90DA0005F6A42 /* JokeDetailViewController.swift in Sources */ = {isa = PBXBuildFile; fileRef = DC2E0B3D1FB90DA0005F6A42 /* JokeDetailViewController.swift */; };
		DCCE210D1FB5678100A60871 /* AppDelegate.swift in Sources */ = {isa = PBXBuildFile; fileRef = DCCE210C1FB5678100A60871 /* AppDelegate.swift */; };
		DCCE210F1FB5678100A60871 /* ViewController.swift in Sources */ = {isa = PBXBuildFile; fileRef = DCCE210E1FB5678100A60871 /* ViewController.swift */; };
		DCCE21121FB5678100A60871 /* Main.storyboard in Resources */ = {isa = PBXBuildFile; fileRef = DCCE21101FB5678100A60871 /* Main.storyboard */; };
		DCCE21141FB5678100A60871 /* Assets.xcassets in Resources */ = {isa = PBXBuildFile; fileRef = DCCE21131FB5678100A60871 /* Assets.xcassets */; };
		DCCE21171FB5678100A60871 /* LaunchScreen.storyboard in Resources */ = {isa = PBXBuildFile; fileRef = DCCE21151FB5678100A60871 /* LaunchScreen.storyboard */; };
		DCCE21211FB5681900A60871 /* CloudKit.framework in Frameworks */ = {isa = PBXBuildFile; fileRef = DCCE21201FB5681900A60871 /* CloudKit.framework */; };
		DCCE21231FB6E10D00A60871 /* JokeCreatorViewController.swift in Sources */ = {isa = PBXBuildFile; fileRef = DCCE21221FB6E10D00A60871 /* JokeCreatorViewController.swift */; };
/* End PBXBuildFile section */

/* Begin PBXFileReference section */
		DC2E0B371FB7FFCC005F6A42 /* JokeTableViewController.swift */ = {isa = PBXFileReference; fileEncoding = 4; lastKnownFileType = sourcecode.swift; path = JokeTableViewController.swift; sourceTree = "<group>"; };
		DC2E0B391FB802E4005F6A42 /* Joke.swift */ = {isa = PBXFileReference; fileEncoding = 4; lastKnownFileType = sourcecode.swift; path = Joke.swift; sourceTree = "<group>"; };
		DC2E0B3B1FB8074B005F6A42 /* JokeTableViewControllerCell.swift */ = {isa = PBXFileReference; fileEncoding = 4; lastKnownFileType = sourcecode.swift; name = JokeTableViewControllerCell.swift; path = ../JokeTableViewControllerCell.swift; sourceTree = "<group>"; };
		DC2E0B3D1FB90DA0005F6A42 /* JokeDetailViewController.swift */ = {isa = PBXFileReference; fileEncoding = 4; lastKnownFileType = sourcecode.swift; path = JokeDetailViewController.swift; sourceTree = "<group>"; };
		DCCE21091FB5678100A60871 /* Joke_of_Day.app */ = {isa = PBXFileReference; explicitFileType = wrapper.application; includeInIndex = 0; path = Joke_of_Day.app; sourceTree = BUILT_PRODUCTS_DIR; };
		DCCE210C1FB5678100A60871 /* AppDelegate.swift */ = {isa = PBXFileReference; lastKnownFileType = sourcecode.swift; path = AppDelegate.swift; sourceTree = "<group>"; };
		DCCE210E1FB5678100A60871 /* ViewController.swift */ = {isa = PBXFileReference; lastKnownFileType = sourcecode.swift; path = ViewController.swift; sourceTree = "<group>"; };
		DCCE21111FB5678100A60871 /* Base */ = {isa = PBXFileReference; lastKnownFileType = file.storyboard; name = Base; path = Base.lproj/Main.storyboard; sourceTree = "<group>"; };
		DCCE21131FB5678100A60871 /* Assets.xcassets */ = {isa = PBXFileReference; lastKnownFileType = folder.assetcatalog; path = Assets.xcassets; sourceTree = "<group>"; };
		DCCE21161FB5678100A60871 /* Base */ = {isa = PBXFileReference; lastKnownFileType = file.storyboard; name = Base; path = Base.lproj/LaunchScreen.storyboard; sourceTree = "<group>"; };
		DCCE21181FB5678100A60871 /* Info.plist */ = {isa = PBXFileReference; lastKnownFileType = text.plist.xml; path = Info.plist; sourceTree = "<group>"; };
		DCCE211E1FB567F900A60871 /* Joke_of_Day.entitlements */ = {isa = PBXFileReference; lastKnownFileType = text.plist.entitlements; path = Joke_of_Day.entitlements; sourceTree = "<group>"; };
		DCCE21201FB5681900A60871 /* CloudKit.framework */ = {isa = PBXFileReference; lastKnownFileType = wrapper.framework; name = CloudKit.framework; path = System/Library/Frameworks/CloudKit.framework; sourceTree = SDKROOT; };
		DCCE21221FB6E10D00A60871 /* JokeCreatorViewController.swift */ = {isa = PBXFileReference; fileEncoding = 4; lastKnownFileType = sourcecode.swift; path = JokeCreatorViewController.swift; sourceTree = "<group>"; };
/* End PBXFileReference section */

/* Begin PBXFrameworksBuildPhase section */
		DCCE21061FB5678100A60871 /* Frameworks */ = {
			isa = PBXFrameworksBuildPhase;
			buildActionMask = 2147483647;
			files = (
				DCCE21211FB5681900A60871 /* CloudKit.framework in Frameworks */,
			);
			runOnlyForDeploymentPostprocessing = 0;
		};
/* End PBXFrameworksBuildPhase section */

/* Begin PBXGroup section */
		DCCE21001FB5678100A60871 = {
			isa = PBXGroup;
			children = (
				DCCE210B1FB5678100A60871 /* Joke_of_Day */,
				DCCE210A1FB5678100A60871 /* Products */,
				DCCE211F1FB5681900A60871 /* Frameworks */,
			);
			sourceTree = "<group>";
		};
		DCCE210A1FB5678100A60871 /* Products */ = {
			isa = PBXGroup;
			children = (
				DCCE21091FB5678100A60871 /* Joke_of_Day.app */,
			);
			name = Products;
			sourceTree = "<group>";
		};
		DCCE210B1FB5678100A60871 /* Joke_of_Day */ = {
			isa = PBXGroup;
			children = (
				DCCE211E1FB567F900A60871 /* Joke_of_Day.entitlements */,
				DCCE210C1FB5678100A60871 /* AppDelegate.swift */,
				DCCE210E1FB5678100A60871 /* ViewController.swift */,
				DCCE21101FB5678100A60871 /* Main.storyboard */,
				DC2E0B3D1FB90DA0005F6A42 /* JokeDetailViewController.swift */,
				DC2E0B371FB7FFCC005F6A42 /* JokeTableViewController.swift */,
				DC2E0B3B1FB8074B005F6A42 /* JokeTableViewControllerCell.swift */,
				DC2E0B391FB802E4005F6A42 /* Joke.swift */,
				DCCE21221FB6E10D00A60871 /* JokeCreatorViewController.swift */,
				DCCE21131FB5678100A60871 /* Assets.xcassets */,
				DCCE21151FB5678100A60871 /* LaunchScreen.storyboard */,
				DCCE21181FB5678100A60871 /* Info.plist */,
			);
			path = Joke_of_Day;
			sourceTree = "<group>";
		};
		DCCE211F1FB5681900A60871 /* Frameworks */ = {
			isa = PBXGroup;
			children = (
				DCCE21201FB5681900A60871 /* CloudKit.framework */,
			);
			name = Frameworks;
			sourceTree = "<group>";
		};
/* End PBXGroup section */

/* Begin PBXNativeTarget section */
		DCCE21081FB5678100A60871 /* Joke_of_Day */ = {
			isa = PBXNativeTarget;
			buildConfigurationList = DCCE211B1FB5678100A60871 /* Build configuration list for PBXNativeTarget "Joke_of_Day" */;
			buildPhases = (
				DCCE21051FB5678100A60871 /* Sources */,
				DCCE21061FB5678100A60871 /* Frameworks */,
				DCCE21071FB5678100A60871 /* Resources */,
			);
			buildRules = (
			);
			dependencies = (
			);
			name = Joke_of_Day;
			productName = Joke_of_Day;
			productReference = DCCE21091FB5678100A60871 /* Joke_of_Day.app */;
			productType = "com.apple.product-type.application";
		};
/* End PBXNativeTarget section */

/* Begin PBXProject section */
		DCCE21011FB5678100A60871 /* Project object */ = {
			isa = PBXProject;
			attributes = {
				LastSwiftUpdateCheck = 0830;
				LastUpgradeCheck = 0830;
				ORGANIZATIONNAME = "Xuefeng Liu";
				TargetAttributes = {
					DCCE21081FB5678100A60871 = {
						CreatedOnToolsVersion = 8.3.3;
						DevelopmentTeam = 723KYE3F9E;
						ProvisioningStyle = Automatic;
						SystemCapabilities = {
							com.apple.Push = {
								enabled = 1;
							};
							com.apple.iCloud = {
								enabled = 1;
							};
						};
					};
				};
			};
			buildConfigurationList = DCCE21041FB5678100A60871 /* Build configuration list for PBXProject "Joke_of_Day" */;
			compatibilityVersion = "Xcode 3.2";
			developmentRegion = English;
			hasScannedForEncodings = 0;
			knownRegions = (
				en,
				Base,
			);
			mainGroup = DCCE21001FB5678100A60871;
			productRefGroup = DCCE210A1FB5678100A60871 /* Products */;
			projectDirPath = "";
			projectRoot = "";
			targets = (
				DCCE21081FB5678100A60871 /* Joke_of_Day */,
			);
		};
/* End PBXProject section */

/* Begin PBXResourcesBuildPhase section */
		DCCE21071FB5678100A60871 /* Resources */ = {
			isa = PBXResourcesBuildPhase;
			buildActionMask = 2147483647;
			files = (
				DCCE21171FB5678100A60871 /* LaunchScreen.storyboard in Resources */,
				DCCE21141FB5678100A60871 /* Assets.xcassets in Resources */,
				DCCE21121FB5678100A60871 /* Main.storyboard in Resources */,
			);
			runOnlyForDeploymentPostprocessing = 0;
		};
/* End PBXResourcesBuildPhase section */

/* Begin PBXSourcesBuildPhase section */
		DCCE21051FB5678100A60871 /* Sources */ = {
			isa = PBXSourcesBuildPhase;
			buildActionMask = 2147483647;
			files = (
				DC2E0B381FB7FFCC005F6A42 /* JokeTableViewController.swift in Sources */,
				DC2E0B3A1FB802E4005F6A42 /* Joke.swift in Sources */,
				DCCE210F1FB5678100A60871 /* ViewController.swift in Sources */,
				DCCE210D1FB5678100A60871 /* AppDelegate.swift in Sources */,
				DC2E0B3C1FB8074B005F6A42 /* JokeTableViewControllerCell.swift in Sources */,
				DC2E0B3E1FB90DA0005F6A42 /* JokeDetailViewController.swift in Sources */,
				DCCE21231FB6E10D00A60871 /* JokeCreatorViewController.swift in Sources */,
			);
			runOnlyForDeploymentPostprocessing = 0;
		};
/* End PBXSourcesBuildPhase section */

/* Begin PBXVariantGroup section */
		DCCE21101FB5678100A60871 /* Main.storyboard */ = {
			isa = PBXVariantGroup;
			children = (
				DCCE21111FB5678100A60871 /* Base */,
			);
			name = Main.storyboard;
			sourceTree = "<group>";
		};
		DCCE21151FB5678100A60871 /* LaunchScreen.storyboard */ = {
			isa = PBXVariantGroup;
			children = (
				DCCE21161FB5678100A60871 /* Base */,
			);
			name = LaunchScreen.storyboard;
			sourceTree = "<group>";
		};
/* End PBXVariantGroup section */

/* Begin XCBuildConfiguration section */
		DCCE21191FB5678100A60871 /* Debug */ = {
			isa = XCBuildConfiguration;
			buildSettings = {
				ALWAYS_SEARCH_USER_PATHS = NO;
				CLANG_ANALYZER_NONNULL = YES;
				CLANG_ANALYZER_NUMBER_OBJECT_CONVERSION = YES_AGGRESSIVE;
				CLANG_CXX_LANGUAGE_STANDARD = "gnu++0x";
				CLANG_CXX_LIBRARY = "libc++";
				CLANG_ENABLE_MODULES = YES;
				CLANG_ENABLE_OBJC_ARC = YES;
				CLANG_WARN_BOOL_CONVERSION = YES;
				CLANG_WARN_CONSTANT_CONVERSION = YES;
				CLANG_WARN_DIRECT_OBJC_ISA_USAGE = YES_ERROR;
				CLANG_WARN_DOCUMENTATION_COMMENTS = YES;
				CLANG_WARN_EMPTY_BODY = YES;
				CLANG_WARN_ENUM_CONVERSION = YES;
				CLANG_WARN_INFINITE_RECURSION = YES;
				CLANG_WARN_INT_CONVERSION = YES;
				CLANG_WARN_OBJC_ROOT_CLASS = YES_ERROR;
				CLANG_WARN_SUSPICIOUS_MOVE = YES;
				CLANG_WARN_UNREACHABLE_CODE = YES;
				CLANG_WARN__DUPLICATE_METHOD_MATCH = YES;
				"CODE_SIGN_IDENTITY[sdk=iphoneos*]" = "iPhone Developer";
				COPY_PHASE_STRIP = NO;
				DEBUG_INFORMATION_FORMAT = dwarf;
				ENABLE_STRICT_OBJC_MSGSEND = YES;
				ENABLE_TESTABILITY = YES;
				GCC_C_LANGUAGE_STANDARD = gnu99;
				GCC_DYNAMIC_NO_PIC = NO;
				GCC_NO_COMMON_BLOCKS = YES;
				GCC_OPTIMIZATION_LEVEL = 0;
				GCC_PREPROCESSOR_DEFINITIONS = (
					"DEBUG=1",
					"$(inherited)",
				);
				GCC_WARN_64_TO_32_BIT_CONVERSION = YES;
				GCC_WARN_ABOUT_RETURN_TYPE = YES_ERROR;
				GCC_WARN_UNDECLARED_SELECTOR = YES;
				GCC_WARN_UNINITIALIZED_AUTOS = YES_AGGRESSIVE;
				GCC_WARN_UNUSED_FUNCTION = YES;
				GCC_WARN_UNUSED_VARIABLE = YES;
				IPHONEOS_DEPLOYMENT_TARGET = 10.3;
				MTL_ENABLE_DEBUG_INFO = YES;
				ONLY_ACTIVE_ARCH = YES;
				SDKROOT = iphoneos;
				SWIFT_ACTIVE_COMPILATION_CONDITIONS = DEBUG;
				SWIFT_OPTIMIZATION_LEVEL = "-Onone";
				TARGETED_DEVICE_FAMILY = "1,2";
			};
			name = Debug;
		};
		DCCE211A1FB5678100A60871 /* Release */ = {
			isa = XCBuildConfiguration;
			buildSettings = {
				ALWAYS_SEARCH_USER_PATHS = NO;
				CLANG_ANALYZER_NONNULL = YES;
				CLANG_ANALYZER_NUMBER_OBJECT_CONVERSION = YES_AGGRESSIVE;
				CLANG_CXX_LANGUAGE_STANDARD = "gnu++0x";
				CLANG_CXX_LIBRARY = "libc++";
				CLANG_ENABLE_MODULES = YES;
				CLANG_ENABLE_OBJC_ARC = YES;
				CLANG_WARN_BOOL_CONVERSION = YES;
				CLANG_WARN_CONSTANT_CONVERSION = YES;
				CLANG_WARN_DIRECT_OBJC_ISA_USAGE = YES_ERROR;
				CLANG_WARN_DOCUMENTATION_COMMENTS = YES;
				CLANG_WARN_EMPTY_BODY = YES;
				CLANG_WARN_ENUM_CONVERSION = YES;
				CLANG_WARN_INFINITE_RECURSION = YES;
				CLANG_WARN_INT_CONVERSION = YES;
				CLANG_WARN_OBJC_ROOT_CLASS = YES_ERROR;
				CLANG_WARN_SUSPICIOUS_MOVE = YES;
				CLANG_WARN_UNREACHABLE_CODE = YES;
				CLANG_WARN__DUPLICATE_METHOD_MATCH = YES;
				"CODE_SIGN_IDENTITY[sdk=iphoneos*]" = "iPhone Developer";
				COPY_PHASE_STRIP = NO;
				DEBUG_INFORMATION_FORMAT = "dwarf-with-dsym";
				ENABLE_NS_ASSERTIONS = NO;
				ENABLE_STRICT_OBJC_MSGSEND = YES;
				GCC_C_LANGUAGE_STANDARD = gnu99;
				GCC_NO_COMMON_BLOCKS = YES;
				GCC_WARN_64_TO_32_BIT_CONVERSION = YES;
				GCC_WARN_ABOUT_RETURN_TYPE = YES_ERROR;
				GCC_WARN_UNDECLARED_SELECTOR = YES;
				GCC_WARN_UNINITIALIZED_AUTOS = YES_AGGRESSIVE;
				GCC_WARN_UNUSED_FUNCTION = YES;
				GCC_WARN_UNUSED_VARIABLE = YES;
				IPHONEOS_DEPLOYMENT_TARGET = 10.3;
				MTL_ENABLE_DEBUG_INFO = NO;
				SDKROOT = iphoneos;
				SWIFT_OPTIMIZATION_LEVEL = "-Owholemodule";
				TARGETED_DEVICE_FAMILY = "1,2";
				VALIDATE_PRODUCT = YES;
			};
			name = Release;
		};
		DCCE211C1FB5678100A60871 /* Debug */ = {
			isa = XCBuildConfiguration;
			buildSettings = {
				ASSETCATALOG_COMPILER_APPICON_NAME = AppIcon;
				CODE_SIGN_ENTITLEMENTS = Joke_of_Day/Joke_of_Day.entitlements;
				DEVELOPMENT_TEAM = 723KYE3F9E;
				INFOPLIST_FILE = Joke_of_Day/Info.plist;
				LD_RUNPATH_SEARCH_PATHS = "$(inherited) @executable_path/Frameworks";
				PRODUCT_BUNDLE_IDENTIFIER = "com.xuefeng.Joke-of-Day";
				PRODUCT_NAME = "$(TARGET_NAME)";
				SWIFT_VERSION = 3.0;
			};
			name = Debug;
		};
		DCCE211D1FB5678100A60871 /* Release */ = {
			isa = XCBuildConfiguration;
			buildSettings = {
				ASSETCATALOG_COMPILER_APPICON_NAME = AppIcon;
				CODE_SIGN_ENTITLEMENTS = Joke_of_Day/Joke_of_Day.entitlements;
				DEVELOPMENT_TEAM = 723KYE3F9E;
				INFOPLIST_FILE = Joke_of_Day/Info.plist;
				LD_RUNPATH_SEARCH_PATHS = "$(inherited) @executable_path/Frameworks";
				PRODUCT_BUNDLE_IDENTIFIER = "com.xuefeng.Joke-of-Day";
				PRODUCT_NAME = "$(TARGET_NAME)";
				SWIFT_VERSION = 3.0;
			};
			name = Release;
		};
/* End XCBuildConfiguration section */

/* Begin XCConfigurationList section */
		DCCE21041FB5678100A60871 /* Build configuration list for PBXProject "Joke_of_Day" */ = {
			isa = XCConfigurationList;
			buildConfigurations = (
				DCCE21191FB5678100A60871 /* Debug */,
				DCCE211A1FB5678100A60871 /* Release */,
			);
			defaultConfigurationIsVisible = 0;
			defaultConfigurationName = Release;
		};
		DCCE211B1FB5678100A60871 /* Build configuration list for PBXNativeTarget "Joke_of_Day" */ = {
			isa = XCConfigurationList;
			buildConfigurations = (
				DCCE211C1FB5678100A60871 /* Debug */,
				DCCE211D1FB5678100A60871 /* Release */,
			);
			defaultConfigurationIsVisible = 0;
			defaultConfigurationName = Release;
		};
/* End XCConfigurationList section */
	};
	rootObject = DCCE21011FB5678100A60871 /* Project object */;
}
